
Microsoft Visual Studio Solution File, Format Version 12.00
# Visual Studio Version 17
VisualStudioVersion = 17.8.34330.188
MinimumVisualStudioVersion = 10.0.40219.1
Project("{9A19103F-16F7-4668-BE54-9A1E7A4F7556}") = "CrossplatformPasswordManagerPL", "PL\CrossplatformPasswordManagerPL\CrossplatformPasswordManagerPL.csproj", "{493E6885-FD99-4D10-904F-12A42A5EBE5A}"
EndProject
Project("{9A19103F-16F7-4668-BE54-9A1E7A4F7556}") = "CrossplatformPasswordManagerPL.Android", "PL\CrossplatformPasswordManagerPL.Android\CrossplatformPasswordManagerPL.Android.csproj", "{253FF199-0990-4EBA-BE25-C44A89453535}"
EndProject
Project("{9A19103F-16F7-4668-BE54-9A1E7A4F7556}") = "CrossplatformPasswordManagerPL.Desktop", "PL\CrossplatformPasswordManagerPL.Desktop\CrossplatformPasswordManagerPL.Desktop.csproj", "{B66F6C96-EA82-4A29-A5F5-058F03C24BE0}"
EndProject
Project("{9A19103F-16F7-4668-BE54-9A1E7A4F7556}") = "CrossplatformPasswordManagerPL.Browser", "PL\CrossplatformPasswordManagerPL.Browser\CrossplatformPasswordManagerPL.Browser.csproj", "{E7281A2A-B42A-4178-8C92-45238CA52600}"
EndProject
Project("{9A19103F-16F7-4668-BE54-9A1E7A4F7556}") = "Database.Contracts.DAL", "DAL\Database.Contracts.DAL\Database.Contracts.DAL.csproj", "{8FC502FA-A1ED-4F96-9899-A91721E546EB}"
EndProject
Project("{9A19103F-16F7-4668-BE54-9A1E7A4F7556}") = "Database.Core.DAL", "DAL\Database.Core.DAL\Database.Core.DAL.csproj", "{B90660F8-7CE2-45E1-B9A5-7F0A1F00548D}"
EndProject
Project("{2150E333-8FDC-42A3-9474-1A3956D46DE8}") = "PL", "PL", "{E18DF10D-AED4-498B-86F6-5FB96D8B76E4}"
EndProject
Project("{2150E333-8FDC-42A3-9474-1A3956D46DE8}") = "DAL", "DAL", "{56981527-E3FA-410E-B58D-EA384C1F1C2C}"
EndProject
Project("{2150E333-8FDC-42A3-9474-1A3956D46DE8}") = "BLL", "BLL", "{7F0B3DA7-2B42-4079-A8A1-B8814C683222}"
EndProject
Project("{9A19103F-16F7-4668-BE54-9A1E7A4F7556}") = "ExportInfo.Contratcs.DAL", "DAL\ExportInfo.Contratcs.DAL\ExportInfo.Contratcs.DAL.csproj", "{7AAAE86A-101E-466E-BA3F-B6AEE47A8517}"
EndProject
Project("{9A19103F-16F7-4668-BE54-9A1E7A4F7556}") = "ExportInfo.Core.DAL", "DAL\ExportInfo.Core.DAL\ExportInfo.Core.DAL.csproj", "{B454D314-8155-4277-BC41-BDD83EE09D24}"
EndProject
Project("{9A19103F-16F7-4668-BE54-9A1E7A4F7556}") = "LocalStorage.Contratcs.DAL", "DAL\LocalStorage.Contratcs.DAL\LocalStorage.Contratcs.DAL.csproj", "{C56C5DD4-7B78-41B4-B1D0-A56A4D008F9B}"
EndProject
Project("{9A19103F-16F7-4668-BE54-9A1E7A4F7556}") = "LocalStorage.Core.DAL", "DAL\LocalStorage.Core.DAL\LocalStorage.Core.DAL.csproj", "{14A2CE8E-52F3-4834-8809-99AAB1B73B9D}"
EndProject
Project("{2150E333-8FDC-42A3-9474-1A3956D46DE8}") = "Common", "Common", "{1499E385-1930-4915-A2F3-018B17A0AE5D}"
EndProject
Project("{9A19103F-16F7-4668-BE54-9A1E7A4F7556}") = "Entities.Common", "Common\Entities.Common\Entities.Common.csproj", "{E2166383-B819-482E-B7BA-AC5F1EFC3447}"
EndProject
Project("{9A19103F-16F7-4668-BE54-9A1E7A4F7556}") = "Helpers.Common", "Common\Helpers.Common\Helpers.Common.csproj", "{ACBBD388-311A-463D-9B10-C80AD44EE0EB}"
EndProject
Project("{9A19103F-16F7-4668-BE54-9A1E7A4F7556}") = "Database.Contracts.BLL", "BLL\Database.Contracts.BLL\Database.Contracts.BLL.csproj", "{6FD370AD-3A4A-4666-8397-5FA38ED7E3CD}"
EndProject
Project("{9A19103F-16F7-4668-BE54-9A1E7A4F7556}") = "Database.Core.BLL", "BLL\Database.Core.BLL\Database.Core.BLL.csproj", "{DF2F0FE8-89BC-40F0-BF84-37573BF10F2B}"
EndProject
Project("{9A19103F-16F7-4668-BE54-9A1E7A4F7556}") = "ExportInfo.Contratcs.BLL", "BLL\ExportInfo.Contratcs.BLL\ExportInfo.Contratcs.BLL.csproj", "{3C1CC2D2-C36F-4AC1-8E33-76E9FD0E2037}"
EndProject
Project("{9A19103F-16F7-4668-BE54-9A1E7A4F7556}") = "ExportInfo.Core.BLL", "BLL\ExportInfo.Core.BLL\ExportInfo.Core.BLL.csproj", "{40E05B4C-F151-401E-8B4E-834A28FD596F}"
EndProject
Project("{9A19103F-16F7-4668-BE54-9A1E7A4F7556}") = "LocalStorage.Contratcs.BLL", "BLL\LocalStorage.Contratcs.BLL\LocalStorage.Contratcs.BLL.csproj", "{6A0CA9A0-61DB-427B-8370-3935C2423259}"
EndProject
Project("{9A19103F-16F7-4668-BE54-9A1E7A4F7556}") = "LocalStorage.Core.BLL", "BLL\LocalStorage.Core.BLL\LocalStorage.Core.BLL.csproj", "{3D627F48-997B-453C-8914-F6891E9C0B24}"
EndProject
Project("{2150E333-8FDC-42A3-9474-1A3956D46DE8}") = "NAL", "NAL", "{EC0EF26E-5DBB-4CA5-B685-C50E72220C36}"
EndProject
Project("{9A19103F-16F7-4668-BE54-9A1E7A4F7556}") = "Database.Contracts.NAL", "NAL\Database.Contracts.NAL\Database.Contracts.NAL.csproj", "{91C185D0-FE8F-4775-9275-47734307D426}"
EndProject
Project("{9A19103F-16F7-4668-BE54-9A1E7A4F7556}") = "Database.Core.NAL", "NAL\Database.Core.NAL\Database.Core.NAL.csproj", "{1EC4A0DF-AA43-421D-BCA1-0270D4910D23}"
EndProject
Project("{9A19103F-16F7-4668-BE54-9A1E7A4F7556}") = "Ninject.Common", "Common\Ninject.Common\Ninject.Common.csproj", "{6ACE86B3-765C-43C5-97F4-7785D1FF1A36}"
	ProjectSection(ProjectDependencies) = postProject
		{8FC502FA-A1ED-4F96-9899-A91721E546EB} = {8FC502FA-A1ED-4F96-9899-A91721E546EB}
		{B90660F8-7CE2-45E1-B9A5-7F0A1F00548D} = {B90660F8-7CE2-45E1-B9A5-7F0A1F00548D}
	EndProjectSection
EndProject
Project("{2150E333-8FDC-42A3-9474-1A3956D46DE8}") = "Tests", "Tests", "{EA8AFC1C-F80D-4019-9A62-8D229243A2E3}"
EndProject
Project("{2150E333-8FDC-42A3-9474-1A3956D46DE8}") = "Unit", "Unit", "{1E9AEC9B-13EF-470D-8C1F-18528396A9FD}"
EndProject
Project("{9A19103F-16F7-4668-BE54-9A1E7A4F7556}") = "UnitTest", "Tests\Unit\NinjectTest\UnitTest.csproj", "{F6965EA2-E1F6-4BB0-99D7-63BE73415ADA}"
EndProject
Project("{9A19103F-16F7-4668-BE54-9A1E7A4F7556}") = "Models.Common", "Common\Models.Common\Models.Common.csproj", "{0E687E60-FE1C-4C15-912D-FB8D0C655905}"
EndProject
Global
	GlobalSection(SolutionConfigurationPlatforms) = preSolution
		Debug|Any CPU = Debug|Any CPU
		Release|Any CPU = Release|Any CPU
	EndGlobalSection
	GlobalSection(ProjectConfigurationPlatforms) = postSolution
		{493E6885-FD99-4D10-904F-12A42A5EBE5A}.Debug|Any CPU.ActiveCfg = Debug|Any CPU
		{493E6885-FD99-4D10-904F-12A42A5EBE5A}.Debug|Any CPU.Build.0 = Debug|Any CPU
		{493E6885-FD99-4D10-904F-12A42A5EBE5A}.Release|Any CPU.ActiveCfg = Release|Any CPU
		{493E6885-FD99-4D10-904F-12A42A5EBE5A}.Release|Any CPU.Build.0 = Release|Any CPU
		{253FF199-0990-4EBA-BE25-C44A89453535}.Debug|Any CPU.ActiveCfg = Debug|Any CPU
		{253FF199-0990-4EBA-BE25-C44A89453535}.Debug|Any CPU.Build.0 = Debug|Any CPU
		{253FF199-0990-4EBA-BE25-C44A89453535}.Debug|Any CPU.Deploy.0 = Debug|Any CPU
		{253FF199-0990-4EBA-BE25-C44A89453535}.Release|Any CPU.ActiveCfg = Release|Any CPU
		{253FF199-0990-4EBA-BE25-C44A89453535}.Release|Any CPU.Build.0 = Release|Any CPU
		{253FF199-0990-4EBA-BE25-C44A89453535}.Release|Any CPU.Deploy.0 = Release|Any CPU
		{B66F6C96-EA82-4A29-A5F5-058F03C24BE0}.Debug|Any CPU.ActiveCfg = Debug|Any CPU
		{B66F6C96-EA82-4A29-A5F5-058F03C24BE0}.Debug|Any CPU.Build.0 = Debug|Any CPU
		{B66F6C96-EA82-4A29-A5F5-058F03C24BE0}.Release|Any CPU.ActiveCfg = Release|Any CPU
		{B66F6C96-EA82-4A29-A5F5-058F03C24BE0}.Release|Any CPU.Build.0 = Release|Any CPU
		{E7281A2A-B42A-4178-8C92-45238CA52600}.Debug|Any CPU.ActiveCfg = Debug|Any CPU
		{E7281A2A-B42A-4178-8C92-45238CA52600}.Debug|Any CPU.Build.0 = Debug|Any CPU
		{E7281A2A-B42A-4178-8C92-45238CA52600}.Release|Any CPU.ActiveCfg = Release|Any CPU
		{E7281A2A-B42A-4178-8C92-45238CA52600}.Release|Any CPU.Build.0 = Release|Any CPU
		{8FC502FA-A1ED-4F96-9899-A91721E546EB}.Debug|Any CPU.ActiveCfg = Debug|Any CPU
		{8FC502FA-A1ED-4F96-9899-A91721E546EB}.Debug|Any CPU.Build.0 = Debug|Any CPU
		{8FC502FA-A1ED-4F96-9899-A91721E546EB}.Release|Any CPU.ActiveCfg = Release|Any CPU
		{8FC502FA-A1ED-4F96-9899-A91721E546EB}.Release|Any CPU.Build.0 = Release|Any CPU
		{B90660F8-7CE2-45E1-B9A5-7F0A1F00548D}.Debug|Any CPU.ActiveCfg = Debug|Any CPU
		{B90660F8-7CE2-45E1-B9A5-7F0A1F00548D}.Debug|Any CPU.Build.0 = Debug|Any CPU
		{B90660F8-7CE2-45E1-B9A5-7F0A1F00548D}.Release|Any CPU.ActiveCfg = Release|Any CPU
		{B90660F8-7CE2-45E1-B9A5-7F0A1F00548D}.Release|Any CPU.Build.0 = Release|Any CPU
		{7AAAE86A-101E-466E-BA3F-B6AEE47A8517}.Debug|Any CPU.ActiveCfg = Debug|Any CPU
		{7AAAE86A-101E-466E-BA3F-B6AEE47A8517}.Debug|Any CPU.Build.0 = Debug|Any CPU
		{7AAAE86A-101E-466E-BA3F-B6AEE47A8517}.Release|Any CPU.ActiveCfg = Release|Any CPU
		{7AAAE86A-101E-466E-BA3F-B6AEE47A8517}.Release|Any CPU.Build.0 = Release|Any CPU
		{B454D314-8155-4277-BC41-BDD83EE09D24}.Debug|Any CPU.ActiveCfg = Debug|Any CPU
		{B454D314-8155-4277-BC41-BDD83EE09D24}.Debug|Any CPU.Build.0 = Debug|Any CPU
		{B454D314-8155-4277-BC41-BDD83EE09D24}.Release|Any CPU.ActiveCfg = Release|Any CPU
		{B454D314-8155-4277-BC41-BDD83EE09D24}.Release|Any CPU.Build.0 = Release|Any CPU
		{C56C5DD4-7B78-41B4-B1D0-A56A4D008F9B}.Debug|Any CPU.ActiveCfg = Debug|Any CPU
		{C56C5DD4-7B78-41B4-B1D0-A56A4D008F9B}.Debug|Any CPU.Build.0 = Debug|Any CPU
		{C56C5DD4-7B78-41B4-B1D0-A56A4D008F9B}.Release|Any CPU.ActiveCfg = Release|Any CPU
		{C56C5DD4-7B78-41B4-B1D0-A56A4D008F9B}.Release|Any CPU.Build.0 = Release|Any CPU
		{14A2CE8E-52F3-4834-8809-99AAB1B73B9D}.Debug|Any CPU.ActiveCfg = Debug|Any CPU
		{14A2CE8E-52F3-4834-8809-99AAB1B73B9D}.Debug|Any CPU.Build.0 = Debug|Any CPU
		{14A2CE8E-52F3-4834-8809-99AAB1B73B9D}.Release|Any CPU.ActiveCfg = Release|Any CPU
		{14A2CE8E-52F3-4834-8809-99AAB1B73B9D}.Release|Any CPU.Build.0 = Release|Any CPU
		{E2166383-B819-482E-B7BA-AC5F1EFC3447}.Debug|Any CPU.ActiveCfg = Debug|Any CPU
		{E2166383-B819-482E-B7BA-AC5F1EFC3447}.Debug|Any CPU.Build.0 = Debug|Any CPU
		{E2166383-B819-482E-B7BA-AC5F1EFC3447}.Release|Any CPU.ActiveCfg = Release|Any CPU
		{E2166383-B819-482E-B7BA-AC5F1EFC3447}.Release|Any CPU.Build.0 = Release|Any CPU
		{ACBBD388-311A-463D-9B10-C80AD44EE0EB}.Debug|Any CPU.ActiveCfg = Debug|Any CPU
		{ACBBD388-311A-463D-9B10-C80AD44EE0EB}.Debug|Any CPU.Build.0 = Debug|Any CPU
		{ACBBD388-311A-463D-9B10-C80AD44EE0EB}.Release|Any CPU.ActiveCfg = Release|Any CPU
		{ACBBD388-311A-463D-9B10-C80AD44EE0EB}.Release|Any CPU.Build.0 = Release|Any CPU
		{6FD370AD-3A4A-4666-8397-5FA38ED7E3CD}.Debug|Any CPU.ActiveCfg = Debug|Any CPU
		{6FD370AD-3A4A-4666-8397-5FA38ED7E3CD}.Debug|Any CPU.Build.0 = Debug|Any CPU
		{6FD370AD-3A4A-4666-8397-5FA38ED7E3CD}.Release|Any CPU.ActiveCfg = Release|Any CPU
		{6FD370AD-3A4A-4666-8397-5FA38ED7E3CD}.Release|Any CPU.Build.0 = Release|Any CPU
		{DF2F0FE8-89BC-40F0-BF84-37573BF10F2B}.Debug|Any CPU.ActiveCfg = Debug|Any CPU
		{DF2F0FE8-89BC-40F0-BF84-37573BF10F2B}.Debug|Any CPU.Build.0 = Debug|Any CPU
		{DF2F0FE8-89BC-40F0-BF84-37573BF10F2B}.Release|Any CPU.ActiveCfg = Release|Any CPU
		{DF2F0FE8-89BC-40F0-BF84-37573BF10F2B}.Release|Any CPU.Build.0 = Release|Any CPU
		{3C1CC2D2-C36F-4AC1-8E33-76E9FD0E2037}.Debug|Any CPU.ActiveCfg = Debug|Any CPU
		{3C1CC2D2-C36F-4AC1-8E33-76E9FD0E2037}.Debug|Any CPU.Build.0 = Debug|Any CPU
		{3C1CC2D2-C36F-4AC1-8E33-76E9FD0E2037}.Release|Any CPU.ActiveCfg = Release|Any CPU
		{3C1CC2D2-C36F-4AC1-8E33-76E9FD0E2037}.Release|Any CPU.Build.0 = Release|Any CPU
		{40E05B4C-F151-401E-8B4E-834A28FD596F}.Debug|Any CPU.ActiveCfg = Debug|Any CPU
		{40E05B4C-F151-401E-8B4E-834A28FD596F}.Debug|Any CPU.Build.0 = Debug|Any CPU
		{40E05B4C-F151-401E-8B4E-834A28FD596F}.Release|Any CPU.ActiveCfg = Release|Any CPU
		{40E05B4C-F151-401E-8B4E-834A28FD596F}.Release|Any CPU.Build.0 = Release|Any CPU
		{6A0CA9A0-61DB-427B-8370-3935C2423259}.Debug|Any CPU.ActiveCfg = Debug|Any CPU
		{6A0CA9A0-61DB-427B-8370-3935C2423259}.Debug|Any CPU.Build.0 = Debug|Any CPU
		{6A0CA9A0-61DB-427B-8370-3935C2423259}.Release|Any CPU.ActiveCfg = Release|Any CPU
		{6A0CA9A0-61DB-427B-8370-3935C2423259}.Release|Any CPU.Build.0 = Release|Any CPU
		{3D627F48-997B-453C-8914-F6891E9C0B24}.Debug|Any CPU.ActiveCfg = Debug|Any CPU
		{3D627F48-997B-453C-8914-F6891E9C0B24}.Debug|Any CPU.Build.0 = Debug|Any CPU
		{3D627F48-997B-453C-8914-F6891E9C0B24}.Release|Any CPU.ActiveCfg = Release|Any CPU
		{3D627F48-997B-453C-8914-F6891E9C0B24}.Release|Any CPU.Build.0 = Release|Any CPU
		{91C185D0-FE8F-4775-9275-47734307D426}.Debug|Any CPU.ActiveCfg = Debug|Any CPU
		{91C185D0-FE8F-4775-9275-47734307D426}.Debug|Any CPU.Build.0 = Debug|Any CPU
		{91C185D0-FE8F-4775-9275-47734307D426}.Release|Any CPU.ActiveCfg = Release|Any CPU
		{91C185D0-FE8F-4775-9275-47734307D426}.Release|Any CPU.Build.0 = Release|Any CPU
		{1EC4A0DF-AA43-421D-BCA1-0270D4910D23}.Debug|Any CPU.ActiveCfg = Debug|Any CPU
		{1EC4A0DF-AA43-421D-BCA1-0270D4910D23}.Debug|Any CPU.Build.0 = Debug|Any CPU
		{1EC4A0DF-AA43-421D-BCA1-0270D4910D23}.Release|Any CPU.ActiveCfg = Release|Any CPU
		{1EC4A0DF-AA43-421D-BCA1-0270D4910D23}.Release|Any CPU.Build.0 = Release|Any CPU
		{6ACE86B3-765C-43C5-97F4-7785D1FF1A36}.Debug|Any CPU.ActiveCfg = Debug|Any CPU
		{6ACE86B3-765C-43C5-97F4-7785D1FF1A36}.Debug|Any CPU.Build.0 = Debug|Any CPU
		{6ACE86B3-765C-43C5-97F4-7785D1FF1A36}.Release|Any CPU.ActiveCfg = Release|Any CPU
		{6ACE86B3-765C-43C5-97F4-7785D1FF1A36}.Release|Any CPU.Build.0 = Release|Any CPU
		{F6965EA2-E1F6-4BB0-99D7-63BE73415ADA}.Debug|Any CPU.ActiveCfg = Debug|Any CPU
		{F6965EA2-E1F6-4BB0-99D7-63BE73415ADA}.Debug|Any CPU.Build.0 = Debug|Any CPU
		{F6965EA2-E1F6-4BB0-99D7-63BE73415ADA}.Release|Any CPU.ActiveCfg = Release|Any CPU
		{F6965EA2-E1F6-4BB0-99D7-63BE73415ADA}.Release|Any CPU.Build.0 = Release|Any CPU
		{0E687E60-FE1C-4C15-912D-FB8D0C655905}.Debug|Any CPU.ActiveCfg = Debug|Any CPU
		{0E687E60-FE1C-4C15-912D-FB8D0C655905}.Debug|Any CPU.Build.0 = Debug|Any CPU
		{0E687E60-FE1C-4C15-912D-FB8D0C655905}.Release|Any CPU.ActiveCfg = Release|Any CPU
		{0E687E60-FE1C-4C15-912D-FB8D0C655905}.Release|Any CPU.Build.0 = Release|Any CPU
	EndGlobalSection
	GlobalSection(SolutionProperties) = preSolution
		HideSolutionNode = FALSE
	EndGlobalSection
	GlobalSection(NestedProjects) = preSolution
		{493E6885-FD99-4D10-904F-12A42A5EBE5A} = {E18DF10D-AED4-498B-86F6-5FB96D8B76E4}
		{253FF199-0990-4EBA-BE25-C44A89453535} = {E18DF10D-AED4-498B-86F6-5FB96D8B76E4}
		{B66F6C96-EA82-4A29-A5F5-058F03C24BE0} = {E18DF10D-AED4-498B-86F6-5FB96D8B76E4}
		{E7281A2A-B42A-4178-8C92-45238CA52600} = {E18DF10D-AED4-498B-86F6-5FB96D8B76E4}
		{8FC502FA-A1ED-4F96-9899-A91721E546EB} = {56981527-E3FA-410E-B58D-EA384C1F1C2C}
		{B90660F8-7CE2-45E1-B9A5-7F0A1F00548D} = {56981527-E3FA-410E-B58D-EA384C1F1C2C}
		{7AAAE86A-101E-466E-BA3F-B6AEE47A8517} = {56981527-E3FA-410E-B58D-EA384C1F1C2C}
		{B454D314-8155-4277-BC41-BDD83EE09D24} = {56981527-E3FA-410E-B58D-EA384C1F1C2C}
		{C56C5DD4-7B78-41B4-B1D0-A56A4D008F9B} = {56981527-E3FA-410E-B58D-EA384C1F1C2C}
		{14A2CE8E-52F3-4834-8809-99AAB1B73B9D} = {56981527-E3FA-410E-B58D-EA384C1F1C2C}
		{E2166383-B819-482E-B7BA-AC5F1EFC3447} = {1499E385-1930-4915-A2F3-018B17A0AE5D}
		{ACBBD388-311A-463D-9B10-C80AD44EE0EB} = {1499E385-1930-4915-A2F3-018B17A0AE5D}
		{6FD370AD-3A4A-4666-8397-5FA38ED7E3CD} = {7F0B3DA7-2B42-4079-A8A1-B8814C683222}
		{DF2F0FE8-89BC-40F0-BF84-37573BF10F2B} = {7F0B3DA7-2B42-4079-A8A1-B8814C683222}
		{3C1CC2D2-C36F-4AC1-8E33-76E9FD0E2037} = {7F0B3DA7-2B42-4079-A8A1-B8814C683222}
		{40E05B4C-F151-401E-8B4E-834A28FD596F} = {7F0B3DA7-2B42-4079-A8A1-B8814C683222}
		{6A0CA9A0-61DB-427B-8370-3935C2423259} = {7F0B3DA7-2B42-4079-A8A1-B8814C683222}
		{3D627F48-997B-453C-8914-F6891E9C0B24} = {7F0B3DA7-2B42-4079-A8A1-B8814C683222}
		{91C185D0-FE8F-4775-9275-47734307D426} = {EC0EF26E-5DBB-4CA5-B685-C50E72220C36}
		{1EC4A0DF-AA43-421D-BCA1-0270D4910D23} = {EC0EF26E-5DBB-4CA5-B685-C50E72220C36}
		{6ACE86B3-765C-43C5-97F4-7785D1FF1A36} = {1499E385-1930-4915-A2F3-018B17A0AE5D}
		{1E9AEC9B-13EF-470D-8C1F-18528396A9FD} = {EA8AFC1C-F80D-4019-9A62-8D229243A2E3}
		{F6965EA2-E1F6-4BB0-99D7-63BE73415ADA} = {1E9AEC9B-13EF-470D-8C1F-18528396A9FD}
		{0E687E60-FE1C-4C15-912D-FB8D0C655905} = {1499E385-1930-4915-A2F3-018B17A0AE5D}
	EndGlobalSection
	GlobalSection(ExtensibilityGlobals) = postSolution
		SolutionGuid = {A7CF92E9-FCB3-4965-BC66-E84D0A162920}
	EndGlobalSection
EndGlobal
