
Microsoft Visual Studio Solution File, Format Version 12.00
# Visual Studio Version 17
VisualStudioVersion = 17.3.32811.315
MinimumVisualStudioVersion = 10.0.40219.1
Project("{9A19103F-16F7-4668-BE54-9A1E7A4F7556}") = "CrossplatformPasswordManagerPL", "CrossplatformPasswordManagerPL\CrossplatformPasswordManagerPL.csproj", "{EBFA8512-1EA5-4D8C-B4AC-AB5B48A6D568}"
EndProject
Project("{9A19103F-16F7-4668-BE54-9A1E7A4F7556}") = "CrossplatformPasswordManagerPL.Desktop", "CrossplatformPasswordManagerPL.Desktop\CrossplatformPasswordManagerPL.Desktop.csproj", "{ABC31E74-02FF-46EB-B3B2-4E6AE43B456C}"
EndProject
Project("{9A19103F-16F7-4668-BE54-9A1E7A4F7556}") = "CrossplatformPasswordManagerPL.Browser", "CrossplatformPasswordManagerPL.Browser\CrossplatformPasswordManagerPL.Browser.csproj", "{1C1A049E-235C-4CD0-B6FA-D53AC418F4DA}"
EndProject
Project("{9A19103F-16F7-4668-BE54-9A1E7A4F7556}") = "CrossplatformPasswordManagerPL.iOS", "CrossplatformPasswordManagerPL.iOS\CrossplatformPasswordManagerPL.iOS.csproj", "{EBD9022F-BC83-4846-9A11-6F7F3772DC64}"
EndProject
Project("{9A19103F-16F7-4668-BE54-9A1E7A4F7556}") = "CrossplatformPasswordManagerPL.Android", "CrossplatformPasswordManagerPL.Android\CrossplatformPasswordManagerPL.Android.csproj", "{7AD1DAC8-7FBE-49D5-8614-7321233DB82E}"
EndProject
Project("{2150E333-8FDC-42A3-9474-1A3956D46DE8}") = "Solution Items", "Solution Items", "{3DA99C4E-89E3-4049-9C22-0A7EC60D83D8}"
	ProjectSection(SolutionItems) = preProject
		Directory.Build.props = Directory.Build.props
	EndProjectSection
EndProject
Project("{2150E333-8FDC-42A3-9474-1A3956D46DE8}") = "PL", "PL", "{B7446490-2C54-4B85-B1BB-9646E0842258}"
EndProject
Project("{2150E333-8FDC-42A3-9474-1A3956D46DE8}") = "BLL", "BLL", "{B8FAA2AC-87D8-4D39-83AB-1EF4387580ED}"
EndProject
Project("{2150E333-8FDC-42A3-9474-1A3956D46DE8}") = "DAL", "DAL", "{3EE4A7E4-94C4-45CB-AAED-71AFEA9CFF45}"
EndProject
Project("{2150E333-8FDC-42A3-9474-1A3956D46DE8}") = "Common", "Common", "{5BB0E995-5760-476C-A74F-97F69055D59B}"
EndProject
Project("{2150E333-8FDC-42A3-9474-1A3956D46DE8}") = "Tests", "Tests", "{50C0475F-1665-47EC-8B8B-7328113501D9}"
EndProject
Project("{9A19103F-16F7-4668-BE54-9A1E7A4F7556}") = "Auth.Contracts.BLL", "Auth.Contracts.BLL\Auth.Contracts.BLL.csproj", "{E8454D2D-B3A9-4C92-8D66-F9D5AF0FCCB2}"
EndProject
Project("{9A19103F-16F7-4668-BE54-9A1E7A4F7556}") = "Auth.Core.BLL", "Auth.Core.BLL\Auth.Core.BLL.csproj", "{124A39F7-7CB0-48A5-AD69-9A0B8FF9C0BD}"
EndProject
Project("{9A19103F-16F7-4668-BE54-9A1E7A4F7556}") = "Database.Contracts.BLL", "Database.Contracts.BLL\Database.Contracts.BLL.csproj", "{233DE8B5-C2E1-42C4-AD09-1B9228DCE7D0}"
EndProject
Project("{9A19103F-16F7-4668-BE54-9A1E7A4F7556}") = "Database.Core.BLL", "Database.Core.BLL\Database.Core.BLL.csproj", "{01A02EB3-F4D6-4A42-B6A2-DB33EDD75D45}"
EndProject
Project("{9A19103F-16F7-4668-BE54-9A1E7A4F7556}") = "ExportInfo.Contratcs.BLL", "ExportInfo.Contratcs.BLL\ExportInfo.Contratcs.BLL.csproj", "{129D01CC-67D5-466D-9E1C-00A00CEB4DEF}"
EndProject
Project("{9A19103F-16F7-4668-BE54-9A1E7A4F7556}") = "ExportInfo.Core.BLL", "ExportInfo.Core.BLL\ExportInfo.Core.BLL.csproj", "{54D6F28F-07A1-4C2E-B14C-ED130DA967DD}"
EndProject
Project("{9A19103F-16F7-4668-BE54-9A1E7A4F7556}") = "Sequrity.Contracts.BLL", "Sequrity.Contracts.BLL\Sequrity.Contracts.BLL.csproj", "{9E17FB0B-372B-43E3-950A-1F0A85A79674}"
EndProject
Project("{9A19103F-16F7-4668-BE54-9A1E7A4F7556}") = "Sequrity.Core.BLL", "Sequrity.Core.BLL\Sequrity.Core.BLL.csproj", "{1B56DCC0-D5C5-4104-AF23-D62D1E6A0FD8}"
EndProject
Project("{9A19103F-16F7-4668-BE54-9A1E7A4F7556}") = "Entities.Common", "Entities.Common\Entities.Common.csproj", "{06B49FF2-BD38-4CF5-9D91-EC04DEF13E4D}"
EndProject
Project("{9A19103F-16F7-4668-BE54-9A1E7A4F7556}") = "Helpers.Common", "Helpers.Common\Helpers.Common.csproj", "{C22D1EAA-35EC-443F-887B-E73A5532AE75}"
EndProject
Project("{9A19103F-16F7-4668-BE54-9A1E7A4F7556}") = "Models.Common", "Models.Common\Models.Common.csproj", "{D6541730-2BB8-4334-A89D-4C9950EECAC8}"
EndProject
Project("{9A19103F-16F7-4668-BE54-9A1E7A4F7556}") = "Ninject.Common", "Ninject.Common\Ninject.Common.csproj", "{118FBE77-3FAB-47EC-8BD7-FA1876D5F99F}"
EndProject
Project("{9A19103F-16F7-4668-BE54-9A1E7A4F7556}") = "Database.Contracts.DAL", "Database.Contracts.DAL\Database.Contracts.DAL.csproj", "{2D50B41F-E366-4B70-81AD-716E71E44AA5}"
EndProject
Project("{9A19103F-16F7-4668-BE54-9A1E7A4F7556}") = "Database.Core.DAL", "Database.Core.DAL\Database.Core.DAL.csproj", "{B128D51B-3246-495F-B72E-5D694F1F58BD}"
EndProject
Project("{9A19103F-16F7-4668-BE54-9A1E7A4F7556}") = "ExportInfo.Contratcs.DAL", "ExportInfo.Contratcs.DAL\ExportInfo.Contratcs.DAL.csproj", "{84EAE35B-6690-4DB3-9A02-C2F1BD0A1F83}"
EndProject
Project("{9A19103F-16F7-4668-BE54-9A1E7A4F7556}") = "ExportInfo.Core.DAL", "ExportInfo.Core.DAL\ExportInfo.Core.DAL.csproj", "{891A2198-7B6F-4586-8943-6B3D6AA4C547}"
EndProject
Project("{9A19103F-16F7-4668-BE54-9A1E7A4F7556}") = "LocalStorage.Contratcs.DAL", "LocalStorage.Contratcs.DAL\LocalStorage.Contratcs.DAL.csproj", "{9665A5E3-E889-43F3-A23D-29B6EC0908C2}"
EndProject
Project("{9A19103F-16F7-4668-BE54-9A1E7A4F7556}") = "LocalStorage.Core.DAL", "LocalStorage.Core.DAL\LocalStorage.Core.DAL.csproj", "{C77F595C-206B-4422-90C6-6C7314E3F37D}"
EndProject
Project("{2150E333-8FDC-42A3-9474-1A3956D46DE8}") = "Dependencies", "Dependencies", "{B7DA30EA-E207-4727-8FE9-2149313C5ECB}"
EndProject
Project("{9A19103F-16F7-4668-BE54-9A1E7A4F7556}") = "UnitTest", "NinjectTest\UnitTest.csproj", "{8DF37D37-3615-44C8-8A68-3C35D9A36C40}"
EndProject
Project("{9A19103F-16F7-4668-BE54-9A1E7A4F7556}") = "AvaloniaProgressRing", "..\AvaloniaProgressRing\AvaloniaProgressRing\AvaloniaProgressRing.csproj", "{C9C1BA73-D575-4717-A09C-2C29681B83BD}"
EndProject
Project("{2150E333-8FDC-42A3-9474-1A3956D46DE8}") = "PSL", "PSL", "{92E3B261-E265-4359-9029-292F2DDC1297}"
EndProject
Project("{9A19103F-16F7-4668-BE54-9A1E7A4F7556}") = "PlatformSpecific.Contracts.PSL", "PlatformSpecific.Contracts.PSL\PlatformSpecific.Contracts.PSL.csproj", "{EADAF7FC-487D-4244-A61A-420C31DFE387}"
EndProject
Project("{9A19103F-16F7-4668-BE54-9A1E7A4F7556}") = "PlatformSpecific.Windows.PSL", "PlatformSpecific.Windows.PSL\PlatformSpecific.Windows.PSL.csproj", "{1D3780D3-7C0E-4426-8376-E1494482DE89}"
EndProject
Project("{9A19103F-16F7-4668-BE54-9A1E7A4F7556}") = "PlatformSpecific.Browser.PSL", "PlatformSpecific.Browser.PSL\PlatformSpecific.Browser.PSL.csproj", "{F91DBDA6-E791-4607-9894-08BD0BC90907}"
EndProject
Project("{9A19103F-16F7-4668-BE54-9A1E7A4F7556}") = "PlatformSpecific.Android.PSL", "PlatformSpecific.Android.PSL\PlatformSpecific.Android.PSL.csproj", "{DF46CC07-60E8-4936-9114-A7DCB619E64D}"
EndProject
Project("{9A19103F-16F7-4668-BE54-9A1E7A4F7556}") = "PlatformSpecific.iOS.PSL", "PlatformSpecific.iOS.PSL\PlatformSpecific.iOS.PSL.csproj", "{E2FDEF0A-C013-482E-87BD-363F3A714BFC}"
EndProject
Project("{9A19103F-16F7-4668-BE54-9A1E7A4F7556}") = "PlatformSpecific.Linux.PSL", "PlatformSpecific.Linux.PSL\PlatformSpecific.Linux.PSL.csproj", "{869495C8-36C4-402D-809C-D8F49D1ABF58}"
EndProject
Global
	GlobalSection(SolutionConfigurationPlatforms) = preSolution
		Debug|Any CPU = Debug|Any CPU
		Release|Any CPU = Release|Any CPU
	EndGlobalSection
	GlobalSection(ProjectConfigurationPlatforms) = postSolution
		{EBFA8512-1EA5-4D8C-B4AC-AB5B48A6D568}.Debug|Any CPU.ActiveCfg = Debug|Any CPU
		{EBFA8512-1EA5-4D8C-B4AC-AB5B48A6D568}.Debug|Any CPU.Build.0 = Debug|Any CPU
		{EBFA8512-1EA5-4D8C-B4AC-AB5B48A6D568}.Release|Any CPU.ActiveCfg = Release|Any CPU
		{EBFA8512-1EA5-4D8C-B4AC-AB5B48A6D568}.Release|Any CPU.Build.0 = Release|Any CPU
		{ABC31E74-02FF-46EB-B3B2-4E6AE43B456C}.Debug|Any CPU.ActiveCfg = Debug|Any CPU
		{ABC31E74-02FF-46EB-B3B2-4E6AE43B456C}.Debug|Any CPU.Build.0 = Debug|Any CPU
		{ABC31E74-02FF-46EB-B3B2-4E6AE43B456C}.Release|Any CPU.ActiveCfg = Release|Any CPU
		{ABC31E74-02FF-46EB-B3B2-4E6AE43B456C}.Release|Any CPU.Build.0 = Release|Any CPU
		{1C1A049E-235C-4CD0-B6FA-D53AC418F4DA}.Debug|Any CPU.ActiveCfg = Debug|Any CPU
		{1C1A049E-235C-4CD0-B6FA-D53AC418F4DA}.Debug|Any CPU.Build.0 = Debug|Any CPU
		{1C1A049E-235C-4CD0-B6FA-D53AC418F4DA}.Release|Any CPU.ActiveCfg = Release|Any CPU
		{1C1A049E-235C-4CD0-B6FA-D53AC418F4DA}.Release|Any CPU.Build.0 = Release|Any CPU
		{EBD9022F-BC83-4846-9A11-6F7F3772DC64}.Debug|Any CPU.ActiveCfg = Debug|Any CPU
		{EBD9022F-BC83-4846-9A11-6F7F3772DC64}.Debug|Any CPU.Build.0 = Debug|Any CPU
		{EBD9022F-BC83-4846-9A11-6F7F3772DC64}.Release|Any CPU.ActiveCfg = Release|Any CPU
		{EBD9022F-BC83-4846-9A11-6F7F3772DC64}.Release|Any CPU.Build.0 = Release|Any CPU
		{7AD1DAC8-7FBE-49D5-8614-7321233DB82E}.Debug|Any CPU.ActiveCfg = Debug|Any CPU
		{7AD1DAC8-7FBE-49D5-8614-7321233DB82E}.Debug|Any CPU.Build.0 = Debug|Any CPU
		{7AD1DAC8-7FBE-49D5-8614-7321233DB82E}.Release|Any CPU.ActiveCfg = Release|Any CPU
		{7AD1DAC8-7FBE-49D5-8614-7321233DB82E}.Release|Any CPU.Build.0 = Release|Any CPU
		{E8454D2D-B3A9-4C92-8D66-F9D5AF0FCCB2}.Debug|Any CPU.ActiveCfg = Debug|Any CPU
		{E8454D2D-B3A9-4C92-8D66-F9D5AF0FCCB2}.Debug|Any CPU.Build.0 = Debug|Any CPU
		{E8454D2D-B3A9-4C92-8D66-F9D5AF0FCCB2}.Release|Any CPU.ActiveCfg = Release|Any CPU
		{E8454D2D-B3A9-4C92-8D66-F9D5AF0FCCB2}.Release|Any CPU.Build.0 = Release|Any CPU
		{124A39F7-7CB0-48A5-AD69-9A0B8FF9C0BD}.Debug|Any CPU.ActiveCfg = Debug|Any CPU
		{124A39F7-7CB0-48A5-AD69-9A0B8FF9C0BD}.Debug|Any CPU.Build.0 = Debug|Any CPU
		{124A39F7-7CB0-48A5-AD69-9A0B8FF9C0BD}.Release|Any CPU.ActiveCfg = Release|Any CPU
		{124A39F7-7CB0-48A5-AD69-9A0B8FF9C0BD}.Release|Any CPU.Build.0 = Release|Any CPU
		{233DE8B5-C2E1-42C4-AD09-1B9228DCE7D0}.Debug|Any CPU.ActiveCfg = Debug|Any CPU
		{233DE8B5-C2E1-42C4-AD09-1B9228DCE7D0}.Debug|Any CPU.Build.0 = Debug|Any CPU
		{233DE8B5-C2E1-42C4-AD09-1B9228DCE7D0}.Release|Any CPU.ActiveCfg = Release|Any CPU
		{233DE8B5-C2E1-42C4-AD09-1B9228DCE7D0}.Release|Any CPU.Build.0 = Release|Any CPU
		{01A02EB3-F4D6-4A42-B6A2-DB33EDD75D45}.Debug|Any CPU.ActiveCfg = Debug|Any CPU
		{01A02EB3-F4D6-4A42-B6A2-DB33EDD75D45}.Debug|Any CPU.Build.0 = Debug|Any CPU
		{01A02EB3-F4D6-4A42-B6A2-DB33EDD75D45}.Release|Any CPU.ActiveCfg = Release|Any CPU
		{01A02EB3-F4D6-4A42-B6A2-DB33EDD75D45}.Release|Any CPU.Build.0 = Release|Any CPU
		{129D01CC-67D5-466D-9E1C-00A00CEB4DEF}.Debug|Any CPU.ActiveCfg = Debug|Any CPU
		{129D01CC-67D5-466D-9E1C-00A00CEB4DEF}.Debug|Any CPU.Build.0 = Debug|Any CPU
		{129D01CC-67D5-466D-9E1C-00A00CEB4DEF}.Release|Any CPU.ActiveCfg = Release|Any CPU
		{129D01CC-67D5-466D-9E1C-00A00CEB4DEF}.Release|Any CPU.Build.0 = Release|Any CPU
		{54D6F28F-07A1-4C2E-B14C-ED130DA967DD}.Debug|Any CPU.ActiveCfg = Debug|Any CPU
		{54D6F28F-07A1-4C2E-B14C-ED130DA967DD}.Debug|Any CPU.Build.0 = Debug|Any CPU
		{54D6F28F-07A1-4C2E-B14C-ED130DA967DD}.Release|Any CPU.ActiveCfg = Release|Any CPU
		{54D6F28F-07A1-4C2E-B14C-ED130DA967DD}.Release|Any CPU.Build.0 = Release|Any CPU
		{9E17FB0B-372B-43E3-950A-1F0A85A79674}.Debug|Any CPU.ActiveCfg = Debug|Any CPU
		{9E17FB0B-372B-43E3-950A-1F0A85A79674}.Debug|Any CPU.Build.0 = Debug|Any CPU
		{9E17FB0B-372B-43E3-950A-1F0A85A79674}.Release|Any CPU.ActiveCfg = Release|Any CPU
		{9E17FB0B-372B-43E3-950A-1F0A85A79674}.Release|Any CPU.Build.0 = Release|Any CPU
		{1B56DCC0-D5C5-4104-AF23-D62D1E6A0FD8}.Debug|Any CPU.ActiveCfg = Debug|Any CPU
		{1B56DCC0-D5C5-4104-AF23-D62D1E6A0FD8}.Debug|Any CPU.Build.0 = Debug|Any CPU
		{1B56DCC0-D5C5-4104-AF23-D62D1E6A0FD8}.Release|Any CPU.ActiveCfg = Release|Any CPU
		{1B56DCC0-D5C5-4104-AF23-D62D1E6A0FD8}.Release|Any CPU.Build.0 = Release|Any CPU
		{06B49FF2-BD38-4CF5-9D91-EC04DEF13E4D}.Debug|Any CPU.ActiveCfg = Debug|Any CPU
		{06B49FF2-BD38-4CF5-9D91-EC04DEF13E4D}.Debug|Any CPU.Build.0 = Debug|Any CPU
		{06B49FF2-BD38-4CF5-9D91-EC04DEF13E4D}.Release|Any CPU.ActiveCfg = Release|Any CPU
		{06B49FF2-BD38-4CF5-9D91-EC04DEF13E4D}.Release|Any CPU.Build.0 = Release|Any CPU
		{C22D1EAA-35EC-443F-887B-E73A5532AE75}.Debug|Any CPU.ActiveCfg = Debug|Any CPU
		{C22D1EAA-35EC-443F-887B-E73A5532AE75}.Debug|Any CPU.Build.0 = Debug|Any CPU
		{C22D1EAA-35EC-443F-887B-E73A5532AE75}.Release|Any CPU.ActiveCfg = Release|Any CPU
		{C22D1EAA-35EC-443F-887B-E73A5532AE75}.Release|Any CPU.Build.0 = Release|Any CPU
		{D6541730-2BB8-4334-A89D-4C9950EECAC8}.Debug|Any CPU.ActiveCfg = Debug|Any CPU
		{D6541730-2BB8-4334-A89D-4C9950EECAC8}.Debug|Any CPU.Build.0 = Debug|Any CPU
		{D6541730-2BB8-4334-A89D-4C9950EECAC8}.Release|Any CPU.ActiveCfg = Release|Any CPU
		{D6541730-2BB8-4334-A89D-4C9950EECAC8}.Release|Any CPU.Build.0 = Release|Any CPU
		{118FBE77-3FAB-47EC-8BD7-FA1876D5F99F}.Debug|Any CPU.ActiveCfg = Debug|Any CPU
		{118FBE77-3FAB-47EC-8BD7-FA1876D5F99F}.Debug|Any CPU.Build.0 = Debug|Any CPU
		{118FBE77-3FAB-47EC-8BD7-FA1876D5F99F}.Release|Any CPU.ActiveCfg = Release|Any CPU
		{118FBE77-3FAB-47EC-8BD7-FA1876D5F99F}.Release|Any CPU.Build.0 = Release|Any CPU
		{2D50B41F-E366-4B70-81AD-716E71E44AA5}.Debug|Any CPU.ActiveCfg = Debug|Any CPU
		{2D50B41F-E366-4B70-81AD-716E71E44AA5}.Debug|Any CPU.Build.0 = Debug|Any CPU
		{2D50B41F-E366-4B70-81AD-716E71E44AA5}.Release|Any CPU.ActiveCfg = Release|Any CPU
		{2D50B41F-E366-4B70-81AD-716E71E44AA5}.Release|Any CPU.Build.0 = Release|Any CPU
		{B128D51B-3246-495F-B72E-5D694F1F58BD}.Debug|Any CPU.ActiveCfg = Debug|Any CPU
		{B128D51B-3246-495F-B72E-5D694F1F58BD}.Debug|Any CPU.Build.0 = Debug|Any CPU
		{B128D51B-3246-495F-B72E-5D694F1F58BD}.Release|Any CPU.ActiveCfg = Release|Any CPU
		{B128D51B-3246-495F-B72E-5D694F1F58BD}.Release|Any CPU.Build.0 = Release|Any CPU
		{84EAE35B-6690-4DB3-9A02-C2F1BD0A1F83}.Debug|Any CPU.ActiveCfg = Debug|Any CPU
		{84EAE35B-6690-4DB3-9A02-C2F1BD0A1F83}.Debug|Any CPU.Build.0 = Debug|Any CPU
		{84EAE35B-6690-4DB3-9A02-C2F1BD0A1F83}.Release|Any CPU.ActiveCfg = Release|Any CPU
		{84EAE35B-6690-4DB3-9A02-C2F1BD0A1F83}.Release|Any CPU.Build.0 = Release|Any CPU
		{891A2198-7B6F-4586-8943-6B3D6AA4C547}.Debug|Any CPU.ActiveCfg = Debug|Any CPU
		{891A2198-7B6F-4586-8943-6B3D6AA4C547}.Debug|Any CPU.Build.0 = Debug|Any CPU
		{891A2198-7B6F-4586-8943-6B3D6AA4C547}.Release|Any CPU.ActiveCfg = Release|Any CPU
		{891A2198-7B6F-4586-8943-6B3D6AA4C547}.Release|Any CPU.Build.0 = Release|Any CPU
		{9665A5E3-E889-43F3-A23D-29B6EC0908C2}.Debug|Any CPU.ActiveCfg = Debug|Any CPU
		{9665A5E3-E889-43F3-A23D-29B6EC0908C2}.Debug|Any CPU.Build.0 = Debug|Any CPU
		{9665A5E3-E889-43F3-A23D-29B6EC0908C2}.Release|Any CPU.ActiveCfg = Release|Any CPU
		{9665A5E3-E889-43F3-A23D-29B6EC0908C2}.Release|Any CPU.Build.0 = Release|Any CPU
		{C77F595C-206B-4422-90C6-6C7314E3F37D}.Debug|Any CPU.ActiveCfg = Debug|Any CPU
		{C77F595C-206B-4422-90C6-6C7314E3F37D}.Debug|Any CPU.Build.0 = Debug|Any CPU
		{C77F595C-206B-4422-90C6-6C7314E3F37D}.Release|Any CPU.ActiveCfg = Release|Any CPU
		{C77F595C-206B-4422-90C6-6C7314E3F37D}.Release|Any CPU.Build.0 = Release|Any CPU
		{8DF37D37-3615-44C8-8A68-3C35D9A36C40}.Debug|Any CPU.ActiveCfg = Debug|Any CPU
		{8DF37D37-3615-44C8-8A68-3C35D9A36C40}.Debug|Any CPU.Build.0 = Debug|Any CPU
		{8DF37D37-3615-44C8-8A68-3C35D9A36C40}.Release|Any CPU.ActiveCfg = Release|Any CPU
		{8DF37D37-3615-44C8-8A68-3C35D9A36C40}.Release|Any CPU.Build.0 = Release|Any CPU
		{C9C1BA73-D575-4717-A09C-2C29681B83BD}.Debug|Any CPU.ActiveCfg = Debug|Any CPU
		{C9C1BA73-D575-4717-A09C-2C29681B83BD}.Debug|Any CPU.Build.0 = Debug|Any CPU
		{C9C1BA73-D575-4717-A09C-2C29681B83BD}.Release|Any CPU.ActiveCfg = Release|Any CPU
		{C9C1BA73-D575-4717-A09C-2C29681B83BD}.Release|Any CPU.Build.0 = Release|Any CPU
		{EADAF7FC-487D-4244-A61A-420C31DFE387}.Debug|Any CPU.ActiveCfg = Debug|Any CPU
		{EADAF7FC-487D-4244-A61A-420C31DFE387}.Debug|Any CPU.Build.0 = Debug|Any CPU
		{EADAF7FC-487D-4244-A61A-420C31DFE387}.Release|Any CPU.ActiveCfg = Release|Any CPU
		{EADAF7FC-487D-4244-A61A-420C31DFE387}.Release|Any CPU.Build.0 = Release|Any CPU
		{1D3780D3-7C0E-4426-8376-E1494482DE89}.Debug|Any CPU.ActiveCfg = Debug|Any CPU
		{1D3780D3-7C0E-4426-8376-E1494482DE89}.Debug|Any CPU.Build.0 = Debug|Any CPU
		{1D3780D3-7C0E-4426-8376-E1494482DE89}.Release|Any CPU.ActiveCfg = Release|Any CPU
		{1D3780D3-7C0E-4426-8376-E1494482DE89}.Release|Any CPU.Build.0 = Release|Any CPU
		{F91DBDA6-E791-4607-9894-08BD0BC90907}.Debug|Any CPU.ActiveCfg = Debug|Any CPU
		{F91DBDA6-E791-4607-9894-08BD0BC90907}.Debug|Any CPU.Build.0 = Debug|Any CPU
		{F91DBDA6-E791-4607-9894-08BD0BC90907}.Release|Any CPU.ActiveCfg = Release|Any CPU
		{F91DBDA6-E791-4607-9894-08BD0BC90907}.Release|Any CPU.Build.0 = Release|Any CPU
		{DF46CC07-60E8-4936-9114-A7DCB619E64D}.Debug|Any CPU.ActiveCfg = Debug|Any CPU
		{DF46CC07-60E8-4936-9114-A7DCB619E64D}.Debug|Any CPU.Build.0 = Debug|Any CPU
		{DF46CC07-60E8-4936-9114-A7DCB619E64D}.Release|Any CPU.ActiveCfg = Release|Any CPU
		{DF46CC07-60E8-4936-9114-A7DCB619E64D}.Release|Any CPU.Build.0 = Release|Any CPU
		{E2FDEF0A-C013-482E-87BD-363F3A714BFC}.Debug|Any CPU.ActiveCfg = Debug|Any CPU
		{E2FDEF0A-C013-482E-87BD-363F3A714BFC}.Debug|Any CPU.Build.0 = Debug|Any CPU
		{E2FDEF0A-C013-482E-87BD-363F3A714BFC}.Release|Any CPU.ActiveCfg = Release|Any CPU
		{E2FDEF0A-C013-482E-87BD-363F3A714BFC}.Release|Any CPU.Build.0 = Release|Any CPU
		{869495C8-36C4-402D-809C-D8F49D1ABF58}.Debug|Any CPU.ActiveCfg = Debug|Any CPU
		{869495C8-36C4-402D-809C-D8F49D1ABF58}.Debug|Any CPU.Build.0 = Debug|Any CPU
		{869495C8-36C4-402D-809C-D8F49D1ABF58}.Release|Any CPU.ActiveCfg = Release|Any CPU
		{869495C8-36C4-402D-809C-D8F49D1ABF58}.Release|Any CPU.Build.0 = Release|Any CPU
	EndGlobalSection
	GlobalSection(SolutionProperties) = preSolution
		HideSolutionNode = FALSE
	EndGlobalSection
	GlobalSection(NestedProjects) = preSolution
		{EBFA8512-1EA5-4D8C-B4AC-AB5B48A6D568} = {B7446490-2C54-4B85-B1BB-9646E0842258}
		{ABC31E74-02FF-46EB-B3B2-4E6AE43B456C} = {B7446490-2C54-4B85-B1BB-9646E0842258}
		{1C1A049E-235C-4CD0-B6FA-D53AC418F4DA} = {B7446490-2C54-4B85-B1BB-9646E0842258}
		{EBD9022F-BC83-4846-9A11-6F7F3772DC64} = {B7446490-2C54-4B85-B1BB-9646E0842258}
		{7AD1DAC8-7FBE-49D5-8614-7321233DB82E} = {B7446490-2C54-4B85-B1BB-9646E0842258}
		{E8454D2D-B3A9-4C92-8D66-F9D5AF0FCCB2} = {B8FAA2AC-87D8-4D39-83AB-1EF4387580ED}
		{124A39F7-7CB0-48A5-AD69-9A0B8FF9C0BD} = {B8FAA2AC-87D8-4D39-83AB-1EF4387580ED}
		{233DE8B5-C2E1-42C4-AD09-1B9228DCE7D0} = {B8FAA2AC-87D8-4D39-83AB-1EF4387580ED}
		{01A02EB3-F4D6-4A42-B6A2-DB33EDD75D45} = {B8FAA2AC-87D8-4D39-83AB-1EF4387580ED}
		{129D01CC-67D5-466D-9E1C-00A00CEB4DEF} = {B8FAA2AC-87D8-4D39-83AB-1EF4387580ED}
		{54D6F28F-07A1-4C2E-B14C-ED130DA967DD} = {B8FAA2AC-87D8-4D39-83AB-1EF4387580ED}
		{9E17FB0B-372B-43E3-950A-1F0A85A79674} = {B8FAA2AC-87D8-4D39-83AB-1EF4387580ED}
		{1B56DCC0-D5C5-4104-AF23-D62D1E6A0FD8} = {B8FAA2AC-87D8-4D39-83AB-1EF4387580ED}
		{06B49FF2-BD38-4CF5-9D91-EC04DEF13E4D} = {5BB0E995-5760-476C-A74F-97F69055D59B}
		{C22D1EAA-35EC-443F-887B-E73A5532AE75} = {5BB0E995-5760-476C-A74F-97F69055D59B}
		{D6541730-2BB8-4334-A89D-4C9950EECAC8} = {5BB0E995-5760-476C-A74F-97F69055D59B}
		{118FBE77-3FAB-47EC-8BD7-FA1876D5F99F} = {5BB0E995-5760-476C-A74F-97F69055D59B}
		{2D50B41F-E366-4B70-81AD-716E71E44AA5} = {3EE4A7E4-94C4-45CB-AAED-71AFEA9CFF45}
		{B128D51B-3246-495F-B72E-5D694F1F58BD} = {3EE4A7E4-94C4-45CB-AAED-71AFEA9CFF45}
		{84EAE35B-6690-4DB3-9A02-C2F1BD0A1F83} = {3EE4A7E4-94C4-45CB-AAED-71AFEA9CFF45}
		{891A2198-7B6F-4586-8943-6B3D6AA4C547} = {3EE4A7E4-94C4-45CB-AAED-71AFEA9CFF45}
		{9665A5E3-E889-43F3-A23D-29B6EC0908C2} = {3EE4A7E4-94C4-45CB-AAED-71AFEA9CFF45}
		{C77F595C-206B-4422-90C6-6C7314E3F37D} = {3EE4A7E4-94C4-45CB-AAED-71AFEA9CFF45}
		{8DF37D37-3615-44C8-8A68-3C35D9A36C40} = {50C0475F-1665-47EC-8B8B-7328113501D9}
		{C9C1BA73-D575-4717-A09C-2C29681B83BD} = {B7DA30EA-E207-4727-8FE9-2149313C5ECB}
		{EADAF7FC-487D-4244-A61A-420C31DFE387} = {92E3B261-E265-4359-9029-292F2DDC1297}
		{1D3780D3-7C0E-4426-8376-E1494482DE89} = {92E3B261-E265-4359-9029-292F2DDC1297}
		{F91DBDA6-E791-4607-9894-08BD0BC90907} = {92E3B261-E265-4359-9029-292F2DDC1297}
		{DF46CC07-60E8-4936-9114-A7DCB619E64D} = {92E3B261-E265-4359-9029-292F2DDC1297}
		{E2FDEF0A-C013-482E-87BD-363F3A714BFC} = {92E3B261-E265-4359-9029-292F2DDC1297}
		{869495C8-36C4-402D-809C-D8F49D1ABF58} = {92E3B261-E265-4359-9029-292F2DDC1297}
	EndGlobalSection
	GlobalSection(ExtensibilityGlobals) = postSolution
		SolutionGuid = {83CB65B8-011F-4ED7-BCD3-A6CFA935EF7E}
	EndGlobalSection
EndGlobal
